// !$*UTF8*$!
{
	archiveVersion = 1;
	classes = {
	};
	objectVersion = 51;
	objects = {

/* Begin PBXBuildFile section */
		044787F422BA636900A56D9D /* AppDelegate.swift in Sources */ = {isa = PBXBuildFile; fileRef = 044787F322BA636900A56D9D /* AppDelegate.swift */; };
		044787F922BA636900A56D9D /* Main.storyboard in Resources */ = {isa = PBXBuildFile; fileRef = 044787F722BA636900A56D9D /* Main.storyboard */; };
		044787FB22BA636900A56D9D /* Assets.xcassets in Resources */ = {isa = PBXBuildFile; fileRef = 044787FA22BA636900A56D9D /* Assets.xcassets */; };
		044787FE22BA636900A56D9D /* LaunchScreen.storyboard in Resources */ = {isa = PBXBuildFile; fileRef = 044787FC22BA636900A56D9D /* LaunchScreen.storyboard */; };
		0447880622BA65FF00A56D9D /* GraphAPI.swift in Sources */ = {isa = PBXBuildFile; fileRef = 0447880522BA65FF00A56D9D /* GraphAPI.swift */; };
		CDEE1251F7BEAF3E417F66F1 /* Pods_graphScratch.framework in Frameworks */ = {isa = PBXBuildFile; fileRef = 38B3D8F6A88AD9A4C950E15D /* Pods_graphScratch.framework */; };
/* End PBXBuildFile section */

/* Begin PBXFileReference section */
		044787F022BA636900A56D9D /* graphScratch.app */ = {isa = PBXFileReference; explicitFileType = wrapper.application; includeInIndex = 0; path = graphScratch.app; sourceTree = BUILT_PRODUCTS_DIR; };
		044787F322BA636900A56D9D /* AppDelegate.swift */ = {isa = PBXFileReference; lastKnownFileType = sourcecode.swift; path = AppDelegate.swift; sourceTree = "<group>"; };
		044787F822BA636900A56D9D /* Base */ = {isa = PBXFileReference; lastKnownFileType = file.storyboard; name = Base; path = Base.lproj/Main.storyboard; sourceTree = "<group>"; };
		044787FA22BA636900A56D9D /* Assets.xcassets */ = {isa = PBXFileReference; lastKnownFileType = folder.assetcatalog; path = Assets.xcassets; sourceTree = "<group>"; };
		044787FD22BA636900A56D9D /* Base */ = {isa = PBXFileReference; lastKnownFileType = file.storyboard; name = Base; path = Base.lproj/LaunchScreen.storyboard; sourceTree = "<group>"; };
		044787FF22BA636900A56D9D /* Info.plist */ = {isa = PBXFileReference; lastKnownFileType = text.plist.xml; path = Info.plist; sourceTree = "<group>"; };
		0447880522BA65FF00A56D9D /* GraphAPI.swift */ = {isa = PBXFileReference; lastKnownFileType = sourcecode.swift; path = GraphAPI.swift; sourceTree = "<group>"; };
		38B3D8F6A88AD9A4C950E15D /* Pods_graphScratch.framework */ = {isa = PBXFileReference; explicitFileType = wrapper.framework; includeInIndex = 0; path = Pods_graphScratch.framework; sourceTree = BUILT_PRODUCTS_DIR; };
		3E743815405A8B8D7FC173E6 /* Pods-graphScratch.debug.xcconfig */ = {isa = PBXFileReference; includeInIndex = 1; lastKnownFileType = text.xcconfig; name = "Pods-graphScratch.debug.xcconfig"; path = "Target Support Files/Pods-graphScratch/Pods-graphScratch.debug.xcconfig"; sourceTree = "<group>"; };
		6EB93B302DF144AB42AEB593 /* Pods-graphScratch.release.xcconfig */ = {isa = PBXFileReference; includeInIndex = 1; lastKnownFileType = text.xcconfig; name = "Pods-graphScratch.release.xcconfig"; path = "Target Support Files/Pods-graphScratch/Pods-graphScratch.release.xcconfig"; sourceTree = "<group>"; };
/* End PBXFileReference section */

/* Begin PBXFrameworksBuildPhase section */
		044787ED22BA636900A56D9D /* Frameworks */ = {
			isa = PBXFrameworksBuildPhase;
			buildActionMask = 2147483647;
			files = (
				CDEE1251F7BEAF3E417F66F1 /* Pods_graphScratch.framework in Frameworks */,
			);
			runOnlyForDeploymentPostprocessing = 0;
		};
/* End PBXFrameworksBuildPhase section */

/* Begin PBXGroup section */
		0426E8B5149A292282B2BCDF /* Frameworks */ = {
			isa = PBXGroup;
			children = (
				38B3D8F6A88AD9A4C950E15D /* Pods_graphScratch.framework */,
			);
			name = Frameworks;
			sourceTree = "<group>";
		};
		044787E722BA636900A56D9D = {
			isa = PBXGroup;
			children = (
				044787F222BA636900A56D9D /* graphScratch */,
				044787F122BA636900A56D9D /* Products */,
				80940DF3F0C0E03FD6D6A43A /* Pods */,
				0426E8B5149A292282B2BCDF /* Frameworks */,
			);
			sourceTree = "<group>";
		};
		044787F122BA636900A56D9D /* Products */ = {
			isa = PBXGroup;
			children = (
				044787F022BA636900A56D9D /* graphScratch.app */,
			);
			name = Products;
			sourceTree = "<group>";
		};
		044787F222BA636900A56D9D /* graphScratch */ = {
			isa = PBXGroup;
			children = (
				044787F322BA636900A56D9D /* AppDelegate.swift */,
				0447880522BA65FF00A56D9D /* GraphAPI.swift */,
				044787F722BA636900A56D9D /* Main.storyboard */,
				044787FA22BA636900A56D9D /* Assets.xcassets */,
				044787FC22BA636900A56D9D /* LaunchScreen.storyboard */,
				044787FF22BA636900A56D9D /* Info.plist */,
			);
			path = graphScratch;
			sourceTree = "<group>";
		};
		80940DF3F0C0E03FD6D6A43A /* Pods */ = {
			isa = PBXGroup;
			children = (
				3E743815405A8B8D7FC173E6 /* Pods-graphScratch.debug.xcconfig */,
				6EB93B302DF144AB42AEB593 /* Pods-graphScratch.release.xcconfig */,
			);
			path = Pods;
			sourceTree = "<group>";
		};
/* End PBXGroup section */

/* Begin PBXNativeTarget section */
		044787EF22BA636900A56D9D /* graphScratch */ = {
			isa = PBXNativeTarget;
			buildConfigurationList = 0447880222BA636900A56D9D /* Build configuration list for PBXNativeTarget "graphScratch" */;
			buildPhases = (
				4868495A729368C5673744F9 /* [CP] Check Pods Manifest.lock */,
				044787EC22BA636900A56D9D /* Sources */,
				044787ED22BA636900A56D9D /* Frameworks */,
				044787EE22BA636900A56D9D /* Resources */,
				DFBB2878C0F5B06AAC32EE00 /* [CP] Embed Pods Frameworks */,
				045357B922BA66C20098830E /* Generate Apollo GraphQL API */,
			);
			buildRules = (
			);
			dependencies = (
			);
			name = graphScratch;
			productName = graphScratch;
			productReference = 044787F022BA636900A56D9D /* graphScratch.app */;
			productType = "com.apple.product-type.application";
		};
/* End PBXNativeTarget section */

/* Begin PBXProject section */
		044787E822BA636900A56D9D /* Project object */ = {
			isa = PBXProject;
			attributes = {
				LastSwiftUpdateCheck = 1020;
				LastUpgradeCheck = 1020;
				ORGANIZATIONNAME = "John Garrett";
				TargetAttributes = {
					044787EF22BA636900A56D9D = {
						CreatedOnToolsVersion = 10.2.1;
					};
				};
			};
			buildConfigurationList = 044787EB22BA636900A56D9D /* Build configuration list for PBXProject "graphScratch" */;
			compatibilityVersion = "Xcode 9.3";
			developmentRegion = en;
			hasScannedForEncodings = 0;
			knownRegions = (
				en,
				Base,
			);
			mainGroup = 044787E722BA636900A56D9D;
			productRefGroup = 044787F122BA636900A56D9D /* Products */;
			projectDirPath = "";
			projectRoot = "";
			targets = (
				044787EF22BA636900A56D9D /* graphScratch */,
			);
		};
/* End PBXProject section */

/* Begin PBXResourcesBuildPhase section */
		044787EE22BA636900A56D9D /* Resources */ = {
			isa = PBXResourcesBuildPhase;
			buildActionMask = 2147483647;
			files = (
				044787FE22BA636900A56D9D /* LaunchScreen.storyboard in Resources */,
				044787FB22BA636900A56D9D /* Assets.xcassets in Resources */,
				044787F922BA636900A56D9D /* Main.storyboard in Resources */,
			);
			runOnlyForDeploymentPostprocessing = 0;
		};
/* End PBXResourcesBuildPhase section */

/* Begin PBXShellScriptBuildPhase section */
		045357B922BA66C20098830E /* Generate Apollo GraphQL API */ = {
			isa = PBXShellScriptBuildPhase;
			buildActionMask = 2147483647;
			files = (
			);
			inputFileListPaths = (
			);
			inputPaths = (
			);
			name = "Generate Apollo GraphQL API";
			outputFileListPaths = (
			);
			outputPaths = (
			);
			runOnlyForDeploymentPostprocessing = 0;
			shellPath = /bin/sh;
			shellScript = "APOLLO_FRAMEWORK_PATH=\"$(eval find $FRAMEWORK_SEARCH_PATHS -name \"Apollo.framework\" -maxdepth 1)\"\n\nif [ -z \"$APOLLO_FRAMEWORK_PATH\" ]; then\necho \"error: Couldn't find Apollo.framework in FRAMEWORK_SEARCH_PATHS; make sure to add the framework to your project.\"\nexit 1\nfi\n\ncd \"${SRCROOT}/${TARGET_NAME}\"\n$APOLLO_FRAMEWORK_PATH/check-and-run-apollo-cli.sh codegen:generate --queries=\"$(find . -name '*.graphql')\" --schema=schema.json API.swift\n";
		};
		4868495A729368C5673744F9 /* [CP] Check Pods Manifest.lock */ = {
			isa = PBXShellScriptBuildPhase;
			buildActionMask = 2147483647;
			files = (
			);
			inputFileListPaths = (
			);
			inputPaths = (
				"${PODS_PODFILE_DIR_PATH}/Podfile.lock",
				"${PODS_ROOT}/Manifest.lock",
			);
			name = "[CP] Check Pods Manifest.lock";
			outputFileListPaths = (
			);
			outputPaths = (
				"$(DERIVED_FILE_DIR)/Pods-graphScratch-checkManifestLockResult.txt",
			);
			runOnlyForDeploymentPostprocessing = 0;
			shellPath = /bin/sh;
			shellScript = "diff \"${PODS_PODFILE_DIR_PATH}/Podfile.lock\" \"${PODS_ROOT}/Manifest.lock\" > /dev/null\nif [ $? != 0 ] ; then\n    # print error to STDERR\n    echo \"error: The sandbox is not in sync with the Podfile.lock. Run 'pod install' or update your CocoaPods installation.\" >&2\n    exit 1\nfi\n# This output is used by Xcode 'outputs' to avoid re-running this script phase.\necho \"SUCCESS\" > \"${SCRIPT_OUTPUT_FILE_0}\"\n";
			showEnvVarsInLog = 0;
		};
		DFBB2878C0F5B06AAC32EE00 /* [CP] Embed Pods Frameworks */ = {
			isa = PBXShellScriptBuildPhase;
			buildActionMask = 2147483647;
			files = (
			);
			inputFileListPaths = (
				"${PODS_ROOT}/Target Support Files/Pods-graphScratch/Pods-graphScratch-frameworks-${CONFIGURATION}-input-files.xcfilelist",
			);
			name = "[CP] Embed Pods Frameworks";
			outputFileListPaths = (
				"${PODS_ROOT}/Target Support Files/Pods-graphScratch/Pods-graphScratch-frameworks-${CONFIGURATION}-output-files.xcfilelist",
			);
			runOnlyForDeploymentPostprocessing = 0;
			shellPath = /bin/sh;
			shellScript = "\"${PODS_ROOT}/Target Support Files/Pods-graphScratch/Pods-graphScratch-frameworks.sh\"\n";
			showEnvVarsInLog = 0;
		};
/* End PBXShellScriptBuildPhase section */

/* Begin PBXSourcesBuildPhase section */
		044787EC22BA636900A56D9D /* Sources */ = {
			isa = PBXSourcesBuildPhase;
			buildActionMask = 2147483647;
			files = (
				044787F422BA636900A56D9D /* AppDelegate.swift in Sources */,
				0447880622BA65FF00A56D9D /* GraphAPI.swift in Sources */,
			);
			runOnlyForDeploymentPostprocessing = 0;
		};
/* End PBXSourcesBuildPhase section */

/* Begin PBXVariantGroup section */
		044787F722BA636900A56D9D /* Main.storyboard */ = {
			isa = PBXVariantGroup;
			children = (
				044787F822BA636900A56D9D /* Base */,
			);
			name = Main.storyboard;
			sourceTree = "<group>";
		};
		044787FC22BA636900A56D9D /* LaunchScreen.storyboard */ = {
			isa = PBXVariantGroup;
			children = (
				044787FD22BA636900A56D9D /* Base */,
			);
			name = LaunchScreen.storyboard;
			sourceTree = "<group>";
		};
/* End PBXVariantGroup section */

/* Begin XCBuildConfiguration section */
		0447880022BA636900A56D9D /* Debug */ = {
			isa = XCBuildConfiguration;
			buildSettings = {
				ALWAYS_SEARCH_USER_PATHS = NO;
				CLANG_ANALYZER_NONNULL = YES;
				CLANG_ANALYZER_NUMBER_OBJECT_CONVERSION = YES_AGGRESSIVE;
				CLANG_CXX_LANGUAGE_STANDARD = "gnu++14";
				CLANG_CXX_LIBRARY = "libc++";
				CLANG_ENABLE_MODULES = YES;
				CLANG_ENABLE_OBJC_ARC = YES;
				CLANG_ENABLE_OBJC_WEAK = YES;
				CLANG_WARN_BLOCK_CAPTURE_AUTORELEASING = YES;
				CLANG_WARN_BOOL_CONVERSION = YES;
				CLANG_WARN_COMMA = YES;
				CLANG_WARN_CONSTANT_CONVERSION = YES;
				CLANG_WARN_DEPRECATED_OBJC_IMPLEMENTATIONS = YES;
				CLANG_WARN_DIRECT_OBJC_ISA_USAGE = YES_ERROR;
				CLANG_WARN_DOCUMENTATION_COMMENTS = YES;
				CLANG_WARN_EMPTY_BODY = YES;
				CLANG_WARN_ENUM_CONVERSION = YES;
				CLANG_WARN_INFINITE_RECURSION = YES;
				CLANG_WARN_INT_CONVERSION = YES;
				CLANG_WARN_NON_LITERAL_NULL_CONVERSION = YES;
				CLANG_WARN_OBJC_IMPLICIT_RETAIN_SELF = YES;
				CLANG_WARN_OBJC_LITERAL_CONVERSION = YES;
				CLANG_WARN_OBJC_ROOT_CLASS = YES_ERROR;
				CLANG_WARN_RANGE_LOOP_ANALYSIS = YES;
				CLANG_WARN_STRICT_PROTOTYPES = YES;
				CLANG_WARN_SUSPICIOUS_MOVE = YES;
				CLANG_WARN_UNGUARDED_AVAILABILITY = YES_AGGRESSIVE;
				CLANG_WARN_UNREACHABLE_CODE = YES;
				CLANG_WARN__DUPLICATE_METHOD_MATCH = YES;
				CODE_SIGN_IDENTITY = "iPhone Developer";
				COPY_PHASE_STRIP = NO;
				DEBUG_INFORMATION_FORMAT = dwarf;
				ENABLE_STRICT_OBJC_MSGSEND = YES;
				ENABLE_TESTABILITY = YES;
				GCC_C_LANGUAGE_STANDARD = gnu11;
				GCC_DYNAMIC_NO_PIC = NO;
				GCC_NO_COMMON_BLOCKS = YES;
				GCC_OPTIMIZATION_LEVEL = 0;
				GCC_PREPROCESSOR_DEFINITIONS = (
					"DEBUG=1",
					"$(inherited)",
				);
				GCC_WARN_64_TO_32_BIT_CONVERSION = YES;
				GCC_WARN_ABOUT_RETURN_TYPE = YES_ERROR;
				GCC_WARN_UNDECLARED_SELECTOR = YES;
				GCC_WARN_UNINITIALIZED_AUTOS = YES_AGGRESSIVE;
				GCC_WARN_UNUSED_FUNCTION = YES;
				GCC_WARN_UNUSED_VARIABLE = YES;
				IPHONEOS_DEPLOYMENT_TARGET = 12.2;
				MTL_ENABLE_DEBUG_INFO = INCLUDE_SOURCE;
				MTL_FAST_MATH = YES;
				ONLY_ACTIVE_ARCH = YES;
				SDKROOT = iphoneos;
				SWIFT_ACTIVE_COMPILATION_CONDITIONS = DEBUG;
				SWIFT_OPTIMIZATION_LEVEL = "-Onone";
			};
			name = Debug;
		};
		0447880122BA636900A56D9D /* Release */ = {
			isa = XCBuildConfiguration;
			buildSettings = {
				ALWAYS_SEARCH_USER_PATHS = NO;
				CLANG_ANALYZER_NONNULL = YES;
				CLANG_ANALYZER_NUMBER_OBJECT_CONVERSION = YES_AGGRESSIVE;
				CLANG_CXX_LANGUAGE_STANDARD = "gnu++14";
				CLANG_CXX_LIBRARY = "libc++";
				CLANG_ENABLE_MODULES = YES;
				CLANG_ENABLE_OBJC_ARC = YES;
				CLANG_ENABLE_OBJC_WEAK = YES;
				CLANG_WARN_BLOCK_CAPTURE_AUTORELEASING = YES;
				CLANG_WARN_BOOL_CONVERSION = YES;
				CLANG_WARN_COMMA = YES;
				CLANG_WARN_CONSTANT_CONVERSION = YES;
				CLANG_WARN_DEPRECATED_OBJC_IMPLEMENTATIONS = YES;
				CLANG_WARN_DIRECT_OBJC_ISA_USAGE = YES_ERROR;
				CLANG_WARN_DOCUMENTATION_COMMENTS = YES;
				CLANG_WARN_EMPTY_BODY = YES;
				CLANG_WARN_ENUM_CONVERSION = YES;
				CLANG_WARN_INFINITE_RECURSION = YES;
				CLANG_WARN_INT_CONVERSION = YES;
				CLANG_WARN_NON_LITERAL_NULL_CONVERSION = YES;
				CLANG_WARN_OBJC_IMPLICIT_RETAIN_SELF = YES;
				CLANG_WARN_OBJC_LITERAL_CONVERSION = YES;
				CLANG_WARN_OBJC_ROOT_CLASS = YES_ERROR;
				CLANG_WARN_RANGE_LOOP_ANALYSIS = YES;
				CLANG_WARN_STRICT_PROTOTYPES = YES;
				CLANG_WARN_SUSPICIOUS_MOVE = YES;
				CLANG_WARN_UNGUARDED_AVAILABILITY = YES_AGGRESSIVE;
				CLANG_WARN_UNREACHABLE_CODE = YES;
				CLANG_WARN__DUPLICATE_METHOD_MATCH = YES;
				CODE_SIGN_IDENTITY = "iPhone Developer";
				COPY_PHASE_STRIP = NO;
				DEBUG_INFORMATION_FORMAT = "dwarf-with-dsym";
				ENABLE_NS_ASSERTIONS = NO;
				ENABLE_STRICT_OBJC_MSGSEND = YES;
				GCC_C_LANGUAGE_STANDARD = gnu11;
				GCC_NO_COMMON_BLOCKS = YES;
				GCC_WARN_64_TO_32_BIT_CONVERSION = YES;
				GCC_WARN_ABOUT_RETURN_TYPE = YES_ERROR;
				GCC_WARN_UNDECLARED_SELECTOR = YES;
				GCC_WARN_UNINITIALIZED_AUTOS = YES_AGGRESSIVE;
				GCC_WARN_UNUSED_FUNCTION = YES;
				GCC_WARN_UNUSED_VARIABLE = YES;
				IPHONEOS_DEPLOYMENT_TARGET = 12.2;
				MTL_ENABLE_DEBUG_INFO = NO;
				MTL_FAST_MATH = YES;
				SDKROOT = iphoneos;
				SWIFT_COMPILATION_MODE = wholemodule;
				SWIFT_OPTIMIZATION_LEVEL = "-O";
				VALIDATE_PRODUCT = YES;
			};
			name = Release;
		};
		0447880322BA636900A56D9D /* Debug */ = {
			isa = XCBuildConfiguration;
			baseConfigurationReference = 3E743815405A8B8D7FC173E6 /* Pods-graphScratch.debug.xcconfig */;
			buildSettings = {
				ASSETCATALOG_COMPILER_APPICON_NAME = AppIcon;
				CODE_SIGN_STYLE = Automatic;
				DEVELOPMENT_TEAM = SU278E9J7B;
				INFOPLIST_FILE = graphScratch/Info.plist;
				LD_RUNPATH_SEARCH_PATHS = (
					"$(inherited)",
					"@executable_path/Frameworks",
				);
				PRODUCT_BUNDLE_IDENTIFIER = johnPersonal.graphScratch;
				PRODUCT_NAME = "$(TARGET_NAME)";
				SWIFT_VERSION = 5.0;
				TARGETED_DEVICE_FAMILY = "1,2";
			};
			name = Debug;
		};
		0447880422BA636900A56D9D /* Release */ = {
			isa = XCBuildConfiguration;
			baseConfigurationReference = 6EB93B302DF144AB42AEB593 /* Pods-graphScratch.release.xcconfig */;
			buildSettings = {
				ASSETCATALOG_COMPILER_APPICON_NAME = AppIcon;
				CODE_SIGN_STYLE = Automatic;
				DEVELOPMENT_TEAM = SU278E9J7B;
				INFOPLIST_FILE = graphScratch/Info.plist;
				LD_RUNPATH_SEARCH_PATHS = (
					"$(inherited)",
					"@executable_path/Frameworks",
				);
				PRODUCT_BUNDLE_IDENTIFIER = johnPersonal.graphScratch;
				PRODUCT_NAME = "$(TARGET_NAME)";
				SWIFT_VERSION = 5.0;
				TARGETED_DEVICE_FAMILY = "1,2";
			};
			name = Release;
		};
/* End XCBuildConfiguration section */

/* Begin XCConfigurationList section */
		044787EB22BA636900A56D9D /* Build configuration list for PBXProject "graphScratch" */ = {
			isa = XCConfigurationList;
			buildConfigurations = (
				0447880022BA636900A56D9D /* Debug */,
				0447880122BA636900A56D9D /* Release */,
			);
			defaultConfigurationIsVisible = 0;
			defaultConfigurationName = Release;
		};
		0447880222BA636900A56D9D /* Build configuration list for PBXNativeTarget "graphScratch" */ = {
			isa = XCConfigurationList;
			buildConfigurations = (
				0447880322BA636900A56D9D /* Debug */,
				0447880422BA636900A56D9D /* Release */,
			);
			defaultConfigurationIsVisible = 0;
			defaultConfigurationName = Release;
		};
/* End XCConfigurationList section */
	};
	rootObject = 044787E822BA636900A56D9D /* Project object */;
}
